
Microsoft Visual Studio Solution File, Format Version 12.00
# Visual Studio Version 16
VisualStudioVersion = 16.0.31702.278
MinimumVisualStudioVersion = 10.0.40219.1
Project("{9A19103F-16F7-4668-BE54-9A1E7A4F7556}") = "TableBooking", "TableBooking\TableBooking.csproj", "{46CC7E80-C685-49AB-899A-4552E56CDB0E}"
EndProject
Global
	GlobalSection(SolutionConfigurationPlatforms) = preSolution
		Debug|Any CPU = Debug|Any CPU
		Release|Any CPU = Release|Any CPU
	EndGlobalSection
	GlobalSection(ProjectConfigurationPlatforms) = postSolution
		{46CC7E80-C685-49AB-899A-4552E56CDB0E}.Debug|Any CPU.ActiveCfg = Debug|Any CPU
		{46CC7E80-C685-49AB-899A-4552E56CDB0E}.Debug|Any CPU.Build.0 = Debug|Any CPU
		{46CC7E80-C685-49AB-899A-4552E56CDB0E}.Release|Any CPU.ActiveCfg = Release|Any CPU
		{46CC7E80-C685-49AB-899A-4552E56CDB0E}.Release|Any CPU.Build.0 = Release|Any CPU
	EndGlobalSection
	GlobalSection(SolutionProperties) = preSolution
		HideSolutionNode = FALSE
	EndGlobalSection
	GlobalSection(ExtensibilityGlobals) = postSolution
		SolutionGuid = {B94D4AC4-BE03-44FA-B265-1551DC994C39}
	EndGlobalSection
EndGlobal
